# This file is automatically @generated by Poetry 1.8.2 and should not be changed by hand.

[[package]]
name = "certifi"
version = "2024.2.2"
description = "Python package for providing Mozilla's CA Bundle."
optional = false
python-versions = ">=3.6"
files = [
    {file = "certifi-2024.2.2-py3-none-any.whl", hash = "sha256:dc383c07b76109f368f6106eee2b593b04a011ea4d55f652c6ca24a754d1cdd1"},
    {file = "certifi-2024.2.2.tar.gz", hash = "sha256:0569859f95fc761b18b45ef421b1290a0f65f147e92a1e5eb3e635f9a5e4e66f"},
]

[[package]]
name = "chardet"
version = "3.0.4"
description = "Universal encoding detector for Python 2 and 3"
optional = false
python-versions = "*"
files = [
    {file = "chardet-3.0.4-py2.py3-none-any.whl", hash = "sha256:fc323ffcaeaed0e0a02bf4d117757b98aed530d9ed4531e3e15460124c106691"},
    {file = "chardet-3.0.4.tar.gz", hash = "sha256:84ab92ed1c4d4f16916e05906b6b75a6c0fb5db821cc65e70cbd64a3e2a5eaae"},
]

[[package]]
name = "easymail"
version = "0.3.0"
description = "abstraction layer on top of the email package to make sending    emails a little bit easier"
optional = false
python-versions = "*"
files = [
    {file = "easymail-0.3.0-py2.py3-none-any.whl", hash = "sha256:e9d8c7d8cf8d9d035d53d68e4132038bcf86a8fa5b9682e8b6c315b4b3053c1b"},
    {file = "easymail-0.3.0.tar.gz", hash = "sha256:c644de6081a167e698cae411cfd60d94bf14cf931060de1d50cdc67bd8369735"},
]

[[package]]
name = "idna"
version = "2.5"
description = "Internationalized Domain Names in Applications (IDNA)"
optional = false
python-versions = "*"
files = [
    {file = "idna-2.5-py2.py3-none-any.whl", hash = "sha256:cc19709fd6d0cbfed39ea875d29ba6d4e22c0cebc510a76d6302a28385e8bb70"},
    {file = "idna-2.5.tar.gz", hash = "sha256:3cb5ce08046c4e3a560fc02f138d0ac63e00f8ce5901a56b32ec8b7994082aab"},
]

[[package]]
name = "requests2"
version = "2.16.0"
description = "Python HTTP for Humans."
optional = false
python-versions = "*"
files = [
    {file = "requests2-2.16.0-py2.py3-none-any.whl", hash = "sha256:141d4f8ad6c1b68932d54f71f303c2aef681556b519c490ec83da193761a9f91"},
    {file = "requests2-2.16.0.tar.gz", hash = "sha256:f7685b2d620a172053cced288dddf12d4b3441a382cc382821c0f36c02488516"},
]

[package.dependencies]
certifi = ">=2017.4.17"
chardet = ">=3.0.2,<3.1.0"
idna = ">=2.5,<2.6"
urllib3 = ">=1.21.1,<1.22"

[package.extras]
security = ["cryptography (>=1.3.4)", "idna (>=2.0.0)", "pyOpenSSL (>=0.14)"]
socks = ["PySocks (>=1.5.6,!=1.5.7)", "win-inet-pton"]

[[package]]
name = "urllib3"
version = "1.21.1"
description = "HTTP library with thread-safe connection pooling, file post, and more."
optional = false
python-versions = "*"
files = [
    {file = "urllib3-1.21.1-py2.py3-none-any.whl", hash = "sha256:8ed6d5c1ff9d6ba84677310060d6a3a78ca3072ce0684cb3c645023009c114b1"},
    {file = "urllib3-1.21.1.tar.gz", hash = "sha256:b14486978518ca0901a76ba973d7821047409d7f726f22156b24e83fd71382a5"},
]

[package.extras]
secure = ["certifi", "cryptography (>=1.3.4)", "idna (>=2.0.0)", "ipaddress", "pyOpenSSL (>=0.14)"]
socks = ["PySocks (>=1.5.6,!=1.5.7,<2.0)"]

[metadata]
lock-version = "2.0"
python-versions = "^3.10"
content-hash = "2395b8d5a15b06971988c502491fe87eb79ade553a0ebf983b0808f4fe444015"
